// !$*UTF8*$!
{
	archiveVersion = 1;
	classes = {
	};
	objectVersion = 46;
	objects = {

/* Begin PBXBuildFile section */
		0AF669FD1E8184948903CB78 /* Pods_SSUMAP_iOSUITests.framework in Frameworks */ = {isa = PBXBuildFile; fileRef = 045CFD84CC4A049A09DAE5F5 /* Pods_SSUMAP_iOSUITests.framework */; };
		7825F66E62B03766CF95E1BB /* Pods_SSUMAP_iOSTests.framework in Frameworks */ = {isa = PBXBuildFile; fileRef = 17E45CD351C195FD5E9D339B /* Pods_SSUMAP_iOSTests.framework */; };
		7EE10D0975F798979B957D9A /* Pods_SSUMAP_iOS.framework in Frameworks */ = {isa = PBXBuildFile; fileRef = F78FB6ECB14BD89C7D7645CD /* Pods_SSUMAP_iOS.framework */; };
		DE087F451F062550004B092C /* AppDelegate.swift in Sources */ = {isa = PBXBuildFile; fileRef = DE087F441F062550004B092C /* AppDelegate.swift */; };
		DE087F471F062550004B092C /* ViewController.swift in Sources */ = {isa = PBXBuildFile; fileRef = DE087F461F062550004B092C /* ViewController.swift */; };
		DE087F4A1F062550004B092C /* Main.storyboard in Resources */ = {isa = PBXBuildFile; fileRef = DE087F481F062550004B092C /* Main.storyboard */; };
		DE087F4C1F062550004B092C /* Assets.xcassets in Resources */ = {isa = PBXBuildFile; fileRef = DE087F4B1F062550004B092C /* Assets.xcassets */; };
		DE087F4F1F062550004B092C /* LaunchScreen.storyboard in Resources */ = {isa = PBXBuildFile; fileRef = DE087F4D1F062550004B092C /* LaunchScreen.storyboard */; };
		DE087F5A1F062550004B092C /* SSUMAP_iOSTests.swift in Sources */ = {isa = PBXBuildFile; fileRef = DE087F591F062550004B092C /* SSUMAP_iOSTests.swift */; };
		DE087F651F062550004B092C /* SSUMAP_iOSUITests.swift in Sources */ = {isa = PBXBuildFile; fileRef = DE087F641F062550004B092C /* SSUMAP_iOSUITests.swift */; };
		DE74E5611F0766A900A36E56 /* BuildingModel.swift in Sources */ = {isa = PBXBuildFile; fileRef = DE74E5601F0766A900A36E56 /* BuildingModel.swift */; };
		DE74E5651F07C1CA00A36E56 /* AppData.swift in Sources */ = {isa = PBXBuildFile; fileRef = DE74E5641F07C1CA00A36E56 /* AppData.swift */; };
		DE74E5671F07C2A200A36E56 /* SurroundingViewController.swift in Sources */ = {isa = PBXBuildFile; fileRef = DE74E5661F07C2A200A36E56 /* SurroundingViewController.swift */; };
		DE74E5691F07C3A800A36E56 /* CategoryCell.swift in Sources */ = {isa = PBXBuildFile; fileRef = DE74E5681F07C3A800A36E56 /* CategoryCell.swift */; };
		DEC79E5F1F0E1C5800D75F9E /* ApiURL.swift in Sources */ = {isa = PBXBuildFile; fileRef = DEC79E5E1F0E1C5700D75F9E /* ApiURL.swift */; };
		DEC79E611F0E1CCD00D75F9E /* SpotListViewController.swift in Sources */ = {isa = PBXBuildFile; fileRef = DEC79E601F0E1CCD00D75F9E /* SpotListViewController.swift */; };
		DEC79E641F0E241700D75F9E /* Spot.swift in Sources */ = {isa = PBXBuildFile; fileRef = DEC79E631F0E241700D75F9E /* Spot.swift */; };
		DEC79E661F0E256300D75F9E /* SpotCell.swift in Sources */ = {isa = PBXBuildFile; fileRef = DEC79E651F0E256300D75F9E /* SpotCell.swift */; };
		DEC79E6A1F0E33B900D75F9E /* DetailViewController.swift in Sources */ = {isa = PBXBuildFile; fileRef = DEC79E691F0E33B900D75F9E /* DetailViewController.swift */; };
		DEFBEEDA1F0F6E8800DD9E4C /* CoreLocation.framework in Frameworks */ = {isa = PBXBuildFile; fileRef = DEFBEED31F0F6E8800DD9E4C /* CoreLocation.framework */; };
		DEFBEEDB1F0F6E8800DD9E4C /* libsqlite3.tbd in Frameworks */ = {isa = PBXBuildFile; fileRef = DEFBEED41F0F6E8800DD9E4C /* libsqlite3.tbd */; };
		DEFBEEDC1F0F6E8800DD9E4C /* libstdc++.6.tbd in Frameworks */ = {isa = PBXBuildFile; fileRef = DEFBEED51F0F6E8800DD9E4C /* libstdc++.6.tbd */; };
		DEFBEEDD1F0F6E8800DD9E4C /* libxml2.tbd in Frameworks */ = {isa = PBXBuildFile; fileRef = DEFBEED61F0F6E8800DD9E4C /* libxml2.tbd */; };
		DEFBEEDE1F0F6E8800DD9E4C /* OpenGLES.framework in Frameworks */ = {isa = PBXBuildFile; fileRef = DEFBEED71F0F6E8800DD9E4C /* OpenGLES.framework */; };
		DEFBEEDF1F0F6E8800DD9E4C /* QuartzCore.framework in Frameworks */ = {isa = PBXBuildFile; fileRef = DEFBEED81F0F6E8800DD9E4C /* QuartzCore.framework */; };
		DEFBEEE01F0F6E8800DD9E4C /* SystemConfiguration.framework in Frameworks */ = {isa = PBXBuildFile; fileRef = DEFBEED91F0F6E8800DD9E4C /* SystemConfiguration.framework */; };
		DEFBEF001F0F6FFB00DD9E4C /* DaumMap.framework in Frameworks */ = {isa = PBXBuildFile; fileRef = DEFBEEE31F0F6FFB00DD9E4C /* DaumMap.framework */; };
		DEFBEF011F0F6FFB00DD9E4C /* copyright.png in Resources */ = {isa = PBXBuildFile; fileRef = DEFBEEE51F0F6FFB00DD9E4C /* copyright.png */; };
		DEFBEF021F0F6FFB00DD9E4C /* daum_copyright.png in Resources */ = {isa = PBXBuildFile; fileRef = DEFBEEE61F0F6FFB00DD9E4C /* daum_copyright.png */; };
		DEFBEF031F0F6FFB00DD9E4C /* daum_th_line.png in Resources */ = {isa = PBXBuildFile; fileRef = DEFBEEE71F0F6FFB00DD9E4C /* daum_th_line.png */; };
		DEFBEF041F0F6FFB00DD9E4C /* detail_button.png in Resources */ = {isa = PBXBuildFile; fileRef = DEFBEEE81F0F6FFB00DD9E4C /* detail_button.png */; };
		DEFBEF051F0F6FFB00DD9E4C /* info_box.png in Resources */ = {isa = PBXBuildFile; fileRef = DEFBEEE91F0F6FFB00DD9E4C /* info_box.png */; };
		DEFBEF061F0F6FFB00DD9E4C /* info_box_tail.png in Resources */ = {isa = PBXBuildFile; fileRef = DEFBEEEA1F0F6FFB00DD9E4C /* info_box_tail.png */; };
		DEFBEF071F0F6FFB00DD9E4C /* map_pin.png in Resources */ = {isa = PBXBuildFile; fileRef = DEFBEEEB1F0F6FFB00DD9E4C /* map_pin.png */; };
		DEFBEF081F0F6FFB00DD9E4C /* map_pin@3x.png in Resources */ = {isa = PBXBuildFile; fileRef = DEFBEEEC1F0F6FFB00DD9E4C /* map_pin@3x.png */; };
		DEFBEF091F0F6FFB00DD9E4C /* map_pin_custom.png in Resources */ = {isa = PBXBuildFile; fileRef = DEFBEEED1F0F6FFB00DD9E4C /* map_pin_custom.png */; };
		DEFBEF0A1F0F6FFB00DD9E4C /* map_pin_custom@3x.png in Resources */ = {isa = PBXBuildFile; fileRef = DEFBEEEE1F0F6FFB00DD9E4C /* map_pin_custom@3x.png */; };
		DEFBEF0B1F0F6FFB00DD9E4C /* map_pin_red.png in Resources */ = {isa = PBXBuildFile; fileRef = DEFBEEEF1F0F6FFB00DD9E4C /* map_pin_red.png */; };
		DEFBEF0C1F0F6FFB00DD9E4C /* map_pin_red@3x.png in Resources */ = {isa = PBXBuildFile; fileRef = DEFBEEF01F0F6FFB00DD9E4C /* map_pin_red@3x.png */; };
		DEFBEF0D1F0F6FFB00DD9E4C /* map_pin_shadow.png in Resources */ = {isa = PBXBuildFile; fileRef = DEFBEEF11F0F6FFB00DD9E4C /* map_pin_shadow.png */; };
		DEFBEF0E1F0F6FFB00DD9E4C /* map_pin_shadow@3x.png in Resources */ = {isa = PBXBuildFile; fileRef = DEFBEEF21F0F6FFB00DD9E4C /* map_pin_shadow@3x.png */; };
		DEFBEF0F1F0F6FFB00DD9E4C /* map_pinup.png in Resources */ = {isa = PBXBuildFile; fileRef = DEFBEEF31F0F6FFB00DD9E4C /* map_pinup.png */; };
		DEFBEF101F0F6FFB00DD9E4C /* map_pinup@3x.png in Resources */ = {isa = PBXBuildFile; fileRef = DEFBEEF41F0F6FFB00DD9E4C /* map_pinup@3x.png */; };
		DEFBEF111F0F6FFB00DD9E4C /* map_pinup_custom.png in Resources */ = {isa = PBXBuildFile; fileRef = DEFBEEF51F0F6FFB00DD9E4C /* map_pinup_custom.png */; };
		DEFBEF121F0F6FFB00DD9E4C /* map_pinup_custom@3x.png in Resources */ = {isa = PBXBuildFile; fileRef = DEFBEEF61F0F6FFB00DD9E4C /* map_pinup_custom@3x.png */; };
		DEFBEF131F0F6FFB00DD9E4C /* map_present.png in Resources */ = {isa = PBXBuildFile; fileRef = DEFBEEF71F0F6FFB00DD9E4C /* map_present.png */; };
		DEFBEF141F0F6FFB00DD9E4C /* map_present_background_update.png in Resources */ = {isa = PBXBuildFile; fileRef = DEFBEEF81F0F6FFB00DD9E4C /* map_present_background_update.png */; };
		DEFBEF151F0F6FFB00DD9E4C /* map_present_direction.png in Resources */ = {isa = PBXBuildFile; fileRef = DEFBEEF91F0F6FFB00DD9E4C /* map_present_direction.png */; };
		DEFBEF161F0F6FFB00DD9E4C /* map_present_tracking.png in Resources */ = {isa = PBXBuildFile; fileRef = DEFBEEFA1F0F6FFB00DD9E4C /* map_present_tracking.png */; };
		DEFBEF171F0F6FFB00DD9E4C /* noimage.png in Resources */ = {isa = PBXBuildFile; fileRef = DEFBEEFB1F0F6FFB00DD9E4C /* noimage.png */; };
		DEFBEF181F0F6FFB00DD9E4C /* noimage256.png in Resources */ = {isa = PBXBuildFile; fileRef = DEFBEEFC1F0F6FFB00DD9E4C /* noimage256.png */; };
		DEFBEF191F0F6FFB00DD9E4C /* point_sprite.png in Resources */ = {isa = PBXBuildFile; fileRef = DEFBEEFD1F0F6FFB00DD9E4C /* point_sprite.png */; };
		DEFBEF1A1F0F6FFB00DD9E4C /* shadow_balloon.png in Resources */ = {isa = PBXBuildFile; fileRef = DEFBEEFE1F0F6FFB00DD9E4C /* shadow_balloon.png */; };
		DEFBEF1B1F0F6FFB00DD9E4C /* th_line.png in Resources */ = {isa = PBXBuildFile; fileRef = DEFBEEFF1F0F6FFB00DD9E4C /* th_line.png */; };
/* End PBXBuildFile section */

/* Begin PBXContainerItemProxy section */
		DE087F561F062550004B092C /* PBXContainerItemProxy */ = {
			isa = PBXContainerItemProxy;
			containerPortal = DE087F391F062550004B092C /* Project object */;
			proxyType = 1;
			remoteGlobalIDString = DE087F401F062550004B092C;
			remoteInfo = SSUMAP_iOS;
		};
		DE087F611F062550004B092C /* PBXContainerItemProxy */ = {
			isa = PBXContainerItemProxy;
			containerPortal = DE087F391F062550004B092C /* Project object */;
			proxyType = 1;
			remoteGlobalIDString = DE087F401F062550004B092C;
			remoteInfo = SSUMAP_iOS;
		};
/* End PBXContainerItemProxy section */

/* Begin PBXFileReference section */
		045CFD84CC4A049A09DAE5F5 /* Pods_SSUMAP_iOSUITests.framework */ = {isa = PBXFileReference; explicitFileType = wrapper.framework; includeInIndex = 0; path = Pods_SSUMAP_iOSUITests.framework; sourceTree = BUILT_PRODUCTS_DIR; };
		0C5D6620D73D6593E189841D /* Pods-SSUMAP_iOSTests.release.xcconfig */ = {isa = PBXFileReference; includeInIndex = 1; lastKnownFileType = text.xcconfig; name = "Pods-SSUMAP_iOSTests.release.xcconfig"; path = "Pods/Target Support Files/Pods-SSUMAP_iOSTests/Pods-SSUMAP_iOSTests.release.xcconfig"; sourceTree = "<group>"; };
		17E45CD351C195FD5E9D339B /* Pods_SSUMAP_iOSTests.framework */ = {isa = PBXFileReference; explicitFileType = wrapper.framework; includeInIndex = 0; path = Pods_SSUMAP_iOSTests.framework; sourceTree = BUILT_PRODUCTS_DIR; };
		6BAB184A2BA009A108C75F66 /* Pods-SSUMAP_iOSTests.debug.xcconfig */ = {isa = PBXFileReference; includeInIndex = 1; lastKnownFileType = text.xcconfig; name = "Pods-SSUMAP_iOSTests.debug.xcconfig"; path = "Pods/Target Support Files/Pods-SSUMAP_iOSTests/Pods-SSUMAP_iOSTests.debug.xcconfig"; sourceTree = "<group>"; };
		7A2325EF8B82D940420E2227 /* Pods-SSUMAP_iOSUITests.release.xcconfig */ = {isa = PBXFileReference; includeInIndex = 1; lastKnownFileType = text.xcconfig; name = "Pods-SSUMAP_iOSUITests.release.xcconfig"; path = "Pods/Target Support Files/Pods-SSUMAP_iOSUITests/Pods-SSUMAP_iOSUITests.release.xcconfig"; sourceTree = "<group>"; };
		BBEB40A8E58FC53BA2CD6E57 /* Pods-SSUMAP_iOSUITests.debug.xcconfig */ = {isa = PBXFileReference; includeInIndex = 1; lastKnownFileType = text.xcconfig; name = "Pods-SSUMAP_iOSUITests.debug.xcconfig"; path = "Pods/Target Support Files/Pods-SSUMAP_iOSUITests/Pods-SSUMAP_iOSUITests.debug.xcconfig"; sourceTree = "<group>"; };
		C0F68CDC4F6EC4DD059CC51B /* Pods-SSUMAP_iOS.release.xcconfig */ = {isa = PBXFileReference; includeInIndex = 1; lastKnownFileType = text.xcconfig; name = "Pods-SSUMAP_iOS.release.xcconfig"; path = "Pods/Target Support Files/Pods-SSUMAP_iOS/Pods-SSUMAP_iOS.release.xcconfig"; sourceTree = "<group>"; };
		CEF85048D1BC6FDBD7FCC88E /* Pods-SSUMAP_iOS.debug.xcconfig */ = {isa = PBXFileReference; includeInIndex = 1; lastKnownFileType = text.xcconfig; name = "Pods-SSUMAP_iOS.debug.xcconfig"; path = "Pods/Target Support Files/Pods-SSUMAP_iOS/Pods-SSUMAP_iOS.debug.xcconfig"; sourceTree = "<group>"; };
		DE087F411F062550004B092C /* SSUMAP_iOS.app */ = {isa = PBXFileReference; explicitFileType = wrapper.application; includeInIndex = 0; path = SSUMAP_iOS.app; sourceTree = BUILT_PRODUCTS_DIR; };
		DE087F441F062550004B092C /* AppDelegate.swift */ = {isa = PBXFileReference; lastKnownFileType = sourcecode.swift; path = AppDelegate.swift; sourceTree = "<group>"; };
		DE087F461F062550004B092C /* ViewController.swift */ = {isa = PBXFileReference; lastKnownFileType = sourcecode.swift; path = ViewController.swift; sourceTree = "<group>"; };
		DE087F491F062550004B092C /* Base */ = {isa = PBXFileReference; lastKnownFileType = file.storyboard; name = Base; path = Base.lproj/Main.storyboard; sourceTree = "<group>"; };
		DE087F4B1F062550004B092C /* Assets.xcassets */ = {isa = PBXFileReference; lastKnownFileType = folder.assetcatalog; path = Assets.xcassets; sourceTree = "<group>"; };
		DE087F4E1F062550004B092C /* Base */ = {isa = PBXFileReference; lastKnownFileType = file.storyboard; name = Base; path = Base.lproj/LaunchScreen.storyboard; sourceTree = "<group>"; };
		DE087F501F062550004B092C /* Info.plist */ = {isa = PBXFileReference; lastKnownFileType = text.plist.xml; path = Info.plist; sourceTree = "<group>"; };
		DE087F551F062550004B092C /* SSUMAP_iOSTests.xctest */ = {isa = PBXFileReference; explicitFileType = wrapper.cfbundle; includeInIndex = 0; path = SSUMAP_iOSTests.xctest; sourceTree = BUILT_PRODUCTS_DIR; };
		DE087F591F062550004B092C /* SSUMAP_iOSTests.swift */ = {isa = PBXFileReference; lastKnownFileType = sourcecode.swift; path = SSUMAP_iOSTests.swift; sourceTree = "<group>"; };
		DE087F5B1F062550004B092C /* Info.plist */ = {isa = PBXFileReference; lastKnownFileType = text.plist.xml; path = Info.plist; sourceTree = "<group>"; };
		DE087F601F062550004B092C /* SSUMAP_iOSUITests.xctest */ = {isa = PBXFileReference; explicitFileType = wrapper.cfbundle; includeInIndex = 0; path = SSUMAP_iOSUITests.xctest; sourceTree = BUILT_PRODUCTS_DIR; };
		DE087F641F062550004B092C /* SSUMAP_iOSUITests.swift */ = {isa = PBXFileReference; lastKnownFileType = sourcecode.swift; path = SSUMAP_iOSUITests.swift; sourceTree = "<group>"; };
		DE087F661F062550004B092C /* Info.plist */ = {isa = PBXFileReference; lastKnownFileType = text.plist.xml; path = Info.plist; sourceTree = "<group>"; };
		DE74E5601F0766A900A36E56 /* BuildingModel.swift */ = {isa = PBXFileReference; fileEncoding = 4; lastKnownFileType = sourcecode.swift; path = BuildingModel.swift; sourceTree = "<group>"; };
		DE74E5641F07C1CA00A36E56 /* AppData.swift */ = {isa = PBXFileReference; fileEncoding = 4; lastKnownFileType = sourcecode.swift; path = AppData.swift; sourceTree = "<group>"; };
		DE74E5661F07C2A200A36E56 /* SurroundingViewController.swift */ = {isa = PBXFileReference; fileEncoding = 4; lastKnownFileType = sourcecode.swift; path = SurroundingViewController.swift; sourceTree = "<group>"; };
		DE74E5681F07C3A800A36E56 /* CategoryCell.swift */ = {isa = PBXFileReference; fileEncoding = 4; lastKnownFileType = sourcecode.swift; path = CategoryCell.swift; sourceTree = "<group>"; };
		DEC79E5E1F0E1C5700D75F9E /* ApiURL.swift */ = {isa = PBXFileReference; fileEncoding = 4; lastKnownFileType = sourcecode.swift; path = ApiURL.swift; sourceTree = "<group>"; };
		DEC79E601F0E1CCD00D75F9E /* SpotListViewController.swift */ = {isa = PBXFileReference; fileEncoding = 4; lastKnownFileType = sourcecode.swift; path = SpotListViewController.swift; sourceTree = "<group>"; };
		DEC79E631F0E241700D75F9E /* Spot.swift */ = {isa = PBXFileReference; fileEncoding = 4; lastKnownFileType = sourcecode.swift; path = Spot.swift; sourceTree = "<group>"; };
		DEC79E651F0E256300D75F9E /* SpotCell.swift */ = {isa = PBXFileReference; fileEncoding = 4; lastKnownFileType = sourcecode.swift; path = SpotCell.swift; sourceTree = "<group>"; };
		DEC79E691F0E33B900D75F9E /* DetailViewController.swift */ = {isa = PBXFileReference; fileEncoding = 4; lastKnownFileType = sourcecode.swift; path = DetailViewController.swift; sourceTree = "<group>"; };
		DEFBEED31F0F6E8800DD9E4C /* CoreLocation.framework */ = {isa = PBXFileReference; lastKnownFileType = wrapper.framework; name = CoreLocation.framework; path = System/Library/Frameworks/CoreLocation.framework; sourceTree = SDKROOT; };
		DEFBEED41F0F6E8800DD9E4C /* libsqlite3.tbd */ = {isa = PBXFileReference; lastKnownFileType = "sourcecode.text-based-dylib-definition"; name = libsqlite3.tbd; path = usr/lib/libsqlite3.tbd; sourceTree = SDKROOT; };
		DEFBEED51F0F6E8800DD9E4C /* libstdc++.6.tbd */ = {isa = PBXFileReference; lastKnownFileType = "sourcecode.text-based-dylib-definition"; name = "libstdc++.6.tbd"; path = "usr/lib/libstdc++.6.tbd"; sourceTree = SDKROOT; };
		DEFBEED61F0F6E8800DD9E4C /* libxml2.tbd */ = {isa = PBXFileReference; lastKnownFileType = "sourcecode.text-based-dylib-definition"; name = libxml2.tbd; path = usr/lib/libxml2.tbd; sourceTree = SDKROOT; };
		DEFBEED71F0F6E8800DD9E4C /* OpenGLES.framework */ = {isa = PBXFileReference; lastKnownFileType = wrapper.framework; name = OpenGLES.framework; path = System/Library/Frameworks/OpenGLES.framework; sourceTree = SDKROOT; };
		DEFBEED81F0F6E8800DD9E4C /* QuartzCore.framework */ = {isa = PBXFileReference; lastKnownFileType = wrapper.framework; name = QuartzCore.framework; path = System/Library/Frameworks/QuartzCore.framework; sourceTree = SDKROOT; };
		DEFBEED91F0F6E8800DD9E4C /* SystemConfiguration.framework */ = {isa = PBXFileReference; lastKnownFileType = wrapper.framework; name = SystemConfiguration.framework; path = System/Library/Frameworks/SystemConfiguration.framework; sourceTree = SDKROOT; };
		DEFBEEE11F0F6EBA00DD9E4C /* SSUMAP_iOS-Bridging-Header.h */ = {isa = PBXFileReference; lastKnownFileType = sourcecode.c.h; path = "SSUMAP_iOS-Bridging-Header.h"; sourceTree = SOURCE_ROOT; };
		DEFBEEE31F0F6FFB00DD9E4C /* DaumMap.framework */ = {isa = PBXFileReference; lastKnownFileType = wrapper.framework; path = DaumMap.framework; sourceTree = "<group>"; };
		DEFBEEE51F0F6FFB00DD9E4C /* copyright.png */ = {isa = PBXFileReference; lastKnownFileType = image.png; path = copyright.png; sourceTree = "<group>"; };
		DEFBEEE61F0F6FFB00DD9E4C /* daum_copyright.png */ = {isa = PBXFileReference; lastKnownFileType = image.png; path = daum_copyright.png; sourceTree = "<group>"; };
		DEFBEEE71F0F6FFB00DD9E4C /* daum_th_line.png */ = {isa = PBXFileReference; lastKnownFileType = image.png; path = daum_th_line.png; sourceTree = "<group>"; };
		DEFBEEE81F0F6FFB00DD9E4C /* detail_button.png */ = {isa = PBXFileReference; lastKnownFileType = image.png; path = detail_button.png; sourceTree = "<group>"; };
		DEFBEEE91F0F6FFB00DD9E4C /* info_box.png */ = {isa = PBXFileReference; lastKnownFileType = image.png; path = info_box.png; sourceTree = "<group>"; };
		DEFBEEEA1F0F6FFB00DD9E4C /* info_box_tail.png */ = {isa = PBXFileReference; lastKnownFileType = image.png; path = info_box_tail.png; sourceTree = "<group>"; };
		DEFBEEEB1F0F6FFB00DD9E4C /* map_pin.png */ = {isa = PBXFileReference; lastKnownFileType = image.png; path = map_pin.png; sourceTree = "<group>"; };
		DEFBEEEC1F0F6FFB00DD9E4C /* map_pin@3x.png */ = {isa = PBXFileReference; lastKnownFileType = image.png; path = "map_pin@3x.png"; sourceTree = "<group>"; };
		DEFBEEED1F0F6FFB00DD9E4C /* map_pin_custom.png */ = {isa = PBXFileReference; lastKnownFileType = image.png; path = map_pin_custom.png; sourceTree = "<group>"; };
		DEFBEEEE1F0F6FFB00DD9E4C /* map_pin_custom@3x.png */ = {isa = PBXFileReference; lastKnownFileType = image.png; path = "map_pin_custom@3x.png"; sourceTree = "<group>"; };
		DEFBEEEF1F0F6FFB00DD9E4C /* map_pin_red.png */ = {isa = PBXFileReference; lastKnownFileType = image.png; path = map_pin_red.png; sourceTree = "<group>"; };
		DEFBEEF01F0F6FFB00DD9E4C /* map_pin_red@3x.png */ = {isa = PBXFileReference; lastKnownFileType = image.png; path = "map_pin_red@3x.png"; sourceTree = "<group>"; };
		DEFBEEF11F0F6FFB00DD9E4C /* map_pin_shadow.png */ = {isa = PBXFileReference; lastKnownFileType = image.png; path = map_pin_shadow.png; sourceTree = "<group>"; };
		DEFBEEF21F0F6FFB00DD9E4C /* map_pin_shadow@3x.png */ = {isa = PBXFileReference; lastKnownFileType = image.png; path = "map_pin_shadow@3x.png"; sourceTree = "<group>"; };
		DEFBEEF31F0F6FFB00DD9E4C /* map_pinup.png */ = {isa = PBXFileReference; lastKnownFileType = image.png; path = map_pinup.png; sourceTree = "<group>"; };
		DEFBEEF41F0F6FFB00DD9E4C /* map_pinup@3x.png */ = {isa = PBXFileReference; lastKnownFileType = image.png; path = "map_pinup@3x.png"; sourceTree = "<group>"; };
		DEFBEEF51F0F6FFB00DD9E4C /* map_pinup_custom.png */ = {isa = PBXFileReference; lastKnownFileType = image.png; path = map_pinup_custom.png; sourceTree = "<group>"; };
		DEFBEEF61F0F6FFB00DD9E4C /* map_pinup_custom@3x.png */ = {isa = PBXFileReference; lastKnownFileType = image.png; path = "map_pinup_custom@3x.png"; sourceTree = "<group>"; };
		DEFBEEF71F0F6FFB00DD9E4C /* map_present.png */ = {isa = PBXFileReference; lastKnownFileType = image.png; path = map_present.png; sourceTree = "<group>"; };
		DEFBEEF81F0F6FFB00DD9E4C /* map_present_background_update.png */ = {isa = PBXFileReference; lastKnownFileType = image.png; path = map_present_background_update.png; sourceTree = "<group>"; };
		DEFBEEF91F0F6FFB00DD9E4C /* map_present_direction.png */ = {isa = PBXFileReference; lastKnownFileType = image.png; path = map_present_direction.png; sourceTree = "<group>"; };
		DEFBEEFA1F0F6FFB00DD9E4C /* map_present_tracking.png */ = {isa = PBXFileReference; lastKnownFileType = image.png; path = map_present_tracking.png; sourceTree = "<group>"; };
		DEFBEEFB1F0F6FFB00DD9E4C /* noimage.png */ = {isa = PBXFileReference; lastKnownFileType = image.png; path = noimage.png; sourceTree = "<group>"; };
		DEFBEEFC1F0F6FFB00DD9E4C /* noimage256.png */ = {isa = PBXFileReference; lastKnownFileType = image.png; path = noimage256.png; sourceTree = "<group>"; };
		DEFBEEFD1F0F6FFB00DD9E4C /* point_sprite.png */ = {isa = PBXFileReference; lastKnownFileType = image.png; path = point_sprite.png; sourceTree = "<group>"; };
		DEFBEEFE1F0F6FFB00DD9E4C /* shadow_balloon.png */ = {isa = PBXFileReference; lastKnownFileType = image.png; path = shadow_balloon.png; sourceTree = "<group>"; };
		DEFBEEFF1F0F6FFB00DD9E4C /* th_line.png */ = {isa = PBXFileReference; lastKnownFileType = image.png; path = th_line.png; sourceTree = "<group>"; };
		F78FB6ECB14BD89C7D7645CD /* Pods_SSUMAP_iOS.framework */ = {isa = PBXFileReference; explicitFileType = wrapper.framework; includeInIndex = 0; path = Pods_SSUMAP_iOS.framework; sourceTree = BUILT_PRODUCTS_DIR; };
/* End PBXFileReference section */

/* Begin PBXFrameworksBuildPhase section */
		DE087F3E1F062550004B092C /* Frameworks */ = {
			isa = PBXFrameworksBuildPhase;
			buildActionMask = 2147483647;
			files = (
				DEFBEEDA1F0F6E8800DD9E4C /* CoreLocation.framework in Frameworks */,
				DEFBEEDB1F0F6E8800DD9E4C /* libsqlite3.tbd in Frameworks */,
				DEFBEEDC1F0F6E8800DD9E4C /* libstdc++.6.tbd in Frameworks */,
				DEFBEEDD1F0F6E8800DD9E4C /* libxml2.tbd in Frameworks */,
				DEFBEEDE1F0F6E8800DD9E4C /* OpenGLES.framework in Frameworks */,
				DEFBEEDF1F0F6E8800DD9E4C /* QuartzCore.framework in Frameworks */,
				DEFBEEE01F0F6E8800DD9E4C /* SystemConfiguration.framework in Frameworks */,
				DEFBEF001F0F6FFB00DD9E4C /* DaumMap.framework in Frameworks */,
				7EE10D0975F798979B957D9A /* Pods_SSUMAP_iOS.framework in Frameworks */,
			);
			runOnlyForDeploymentPostprocessing = 0;
		};
		DE087F521F062550004B092C /* Frameworks */ = {
			isa = PBXFrameworksBuildPhase;
			buildActionMask = 2147483647;
			files = (
				7825F66E62B03766CF95E1BB /* Pods_SSUMAP_iOSTests.framework in Frameworks */,
			);
			runOnlyForDeploymentPostprocessing = 0;
		};
		DE087F5D1F062550004B092C /* Frameworks */ = {
			isa = PBXFrameworksBuildPhase;
			buildActionMask = 2147483647;
			files = (
				0AF669FD1E8184948903CB78 /* Pods_SSUMAP_iOSUITests.framework in Frameworks */,
			);
			runOnlyForDeploymentPostprocessing = 0;
		};
/* End PBXFrameworksBuildPhase section */

/* Begin PBXGroup section */
		33A7FD68DE1A36E1669FE935 /* Pods */ = {
			isa = PBXGroup;
			children = (
				CEF85048D1BC6FDBD7FCC88E /* Pods-SSUMAP_iOS.debug.xcconfig */,
				C0F68CDC4F6EC4DD059CC51B /* Pods-SSUMAP_iOS.release.xcconfig */,
				6BAB184A2BA009A108C75F66 /* Pods-SSUMAP_iOSTests.debug.xcconfig */,
				0C5D6620D73D6593E189841D /* Pods-SSUMAP_iOSTests.release.xcconfig */,
				BBEB40A8E58FC53BA2CD6E57 /* Pods-SSUMAP_iOSUITests.debug.xcconfig */,
				7A2325EF8B82D940420E2227 /* Pods-SSUMAP_iOSUITests.release.xcconfig */,
			);
			name = Pods;
			sourceTree = "<group>";
		};
		CB91BCAD5F114DE441511646 /* Frameworks */ = {
			isa = PBXGroup;
			children = (
				DEFBEEE21F0F6FFB00DD9E4C /* DaumMap.embeddedframework */,
				DEFBEED31F0F6E8800DD9E4C /* CoreLocation.framework */,
				DEFBEED41F0F6E8800DD9E4C /* libsqlite3.tbd */,
				DEFBEED51F0F6E8800DD9E4C /* libstdc++.6.tbd */,
				DEFBEED61F0F6E8800DD9E4C /* libxml2.tbd */,
				DEFBEED71F0F6E8800DD9E4C /* OpenGLES.framework */,
				DEFBEED81F0F6E8800DD9E4C /* QuartzCore.framework */,
				DEFBEED91F0F6E8800DD9E4C /* SystemConfiguration.framework */,
				17E45CD351C195FD5E9D339B /* Pods_SSUMAP_iOSTests.framework */,
				045CFD84CC4A049A09DAE5F5 /* Pods_SSUMAP_iOSUITests.framework */,
				F78FB6ECB14BD89C7D7645CD /* Pods_SSUMAP_iOS.framework */,
			);
			name = Frameworks;
			sourceTree = "<group>";
		};
		DE087F381F062550004B092C = {
			isa = PBXGroup;
			children = (
				DE087F431F062550004B092C /* SSUMAP_iOS */,
				DE087F581F062550004B092C /* SSUMAP_iOSTests */,
				DE087F631F062550004B092C /* SSUMAP_iOSUITests */,
				DE087F421F062550004B092C /* Products */,
				33A7FD68DE1A36E1669FE935 /* Pods */,
				CB91BCAD5F114DE441511646 /* Frameworks */,
			);
			sourceTree = "<group>";
		};
		DE087F421F062550004B092C /* Products */ = {
			isa = PBXGroup;
			children = (
				DE087F411F062550004B092C /* SSUMAP_iOS.app */,
				DE087F551F062550004B092C /* SSUMAP_iOSTests.xctest */,
				DE087F601F062550004B092C /* SSUMAP_iOSUITests.xctest */,
			);
			name = Products;
			sourceTree = "<group>";
		};
		DE087F431F062550004B092C /* SSUMAP_iOS */ = {
			isa = PBXGroup;
			children = (
				DE74E5621F0767CB00A36E56 /* ViewController */,
				DEFBEEE11F0F6EBA00DD9E4C /* SSUMAP_iOS-Bridging-Header.h */,
				DE087F441F062550004B092C /* AppDelegate.swift */,
				DE087F481F062550004B092C /* Main.storyboard */,
				DE087F4B1F062550004B092C /* Assets.xcassets */,
				DE087F4D1F062550004B092C /* LaunchScreen.storyboard */,
				DE087F501F062550004B092C /* Info.plist */,
				DE74E5601F0766A900A36E56 /* BuildingModel.swift */,
				DE74E5641F07C1CA00A36E56 /* AppData.swift */,
				DE74E5681F07C3A800A36E56 /* CategoryCell.swift */,
				DEC79E5E1F0E1C5700D75F9E /* ApiURL.swift */,
				DEC79E631F0E241700D75F9E /* Spot.swift */,
				DEC79E651F0E256300D75F9E /* SpotCell.swift */,
			);
			path = SSUMAP_iOS;
			sourceTree = "<group>";
		};
		DE087F581F062550004B092C /* SSUMAP_iOSTests */ = {
			isa = PBXGroup;
			children = (
				DE087F591F062550004B092C /* SSUMAP_iOSTests.swift */,
				DE087F5B1F062550004B092C /* Info.plist */,
			);
			path = SSUMAP_iOSTests;
			sourceTree = "<group>";
		};
		DE087F631F062550004B092C /* SSUMAP_iOSUITests */ = {
			isa = PBXGroup;
			children = (
				DE087F641F062550004B092C /* SSUMAP_iOSUITests.swift */,
				DE087F661F062550004B092C /* Info.plist */,
			);
			path = SSUMAP_iOSUITests;
			sourceTree = "<group>";
		};
		DE74E5621F0767CB00A36E56 /* ViewController */ = {
			isa = PBXGroup;
			children = (
				DE087F461F062550004B092C /* ViewController.swift */,
				DE74E5661F07C2A200A36E56 /* SurroundingViewController.swift */,
				DEC79E601F0E1CCD00D75F9E /* SpotListViewController.swift */,
				DEC79E691F0E33B900D75F9E /* DetailViewController.swift */,
			);
			name = ViewController;
			sourceTree = "<group>";
		};
		DEFBEEE21F0F6FFB00DD9E4C /* DaumMap.embeddedframework */ = {
			isa = PBXGroup;
			children = (
				DEFBEEE31F0F6FFB00DD9E4C /* DaumMap.framework */,
				DEFBEEE41F0F6FFB00DD9E4C /* Resources */,
			);
			path = DaumMap.embeddedframework;
			sourceTree = "<group>";
		};
		DEFBEEE41F0F6FFB00DD9E4C /* Resources */ = {
			isa = PBXGroup;
			children = (
				DEFBEEE51F0F6FFB00DD9E4C /* copyright.png */,
				DEFBEEE61F0F6FFB00DD9E4C /* daum_copyright.png */,
				DEFBEEE71F0F6FFB00DD9E4C /* daum_th_line.png */,
				DEFBEEE81F0F6FFB00DD9E4C /* detail_button.png */,
				DEFBEEE91F0F6FFB00DD9E4C /* info_box.png */,
				DEFBEEEA1F0F6FFB00DD9E4C /* info_box_tail.png */,
				DEFBEEEB1F0F6FFB00DD9E4C /* map_pin.png */,
				DEFBEEEC1F0F6FFB00DD9E4C /* map_pin@3x.png */,
				DEFBEEED1F0F6FFB00DD9E4C /* map_pin_custom.png */,
				DEFBEEEE1F0F6FFB00DD9E4C /* map_pin_custom@3x.png */,
				DEFBEEEF1F0F6FFB00DD9E4C /* map_pin_red.png */,
				DEFBEEF01F0F6FFB00DD9E4C /* map_pin_red@3x.png */,
				DEFBEEF11F0F6FFB00DD9E4C /* map_pin_shadow.png */,
				DEFBEEF21F0F6FFB00DD9E4C /* map_pin_shadow@3x.png */,
				DEFBEEF31F0F6FFB00DD9E4C /* map_pinup.png */,
				DEFBEEF41F0F6FFB00DD9E4C /* map_pinup@3x.png */,
				DEFBEEF51F0F6FFB00DD9E4C /* map_pinup_custom.png */,
				DEFBEEF61F0F6FFB00DD9E4C /* map_pinup_custom@3x.png */,
				DEFBEEF71F0F6FFB00DD9E4C /* map_present.png */,
				DEFBEEF81F0F6FFB00DD9E4C /* map_present_background_update.png */,
				DEFBEEF91F0F6FFB00DD9E4C /* map_present_direction.png */,
				DEFBEEFA1F0F6FFB00DD9E4C /* map_present_tracking.png */,
				DEFBEEFB1F0F6FFB00DD9E4C /* noimage.png */,
				DEFBEEFC1F0F6FFB00DD9E4C /* noimage256.png */,
				DEFBEEFD1F0F6FFB00DD9E4C /* point_sprite.png */,
				DEFBEEFE1F0F6FFB00DD9E4C /* shadow_balloon.png */,
				DEFBEEFF1F0F6FFB00DD9E4C /* th_line.png */,
			);
			path = Resources;
			sourceTree = "<group>";
		};
/* End PBXGroup section */

/* Begin PBXNativeTarget section */
		DE087F401F062550004B092C /* SSUMAP_iOS */ = {
			isa = PBXNativeTarget;
			buildConfigurationList = DE087F691F062550004B092C /* Build configuration list for PBXNativeTarget "SSUMAP_iOS" */;
			buildPhases = (
				F6019E4B4CCBFDB71644B3E4 /* [CP] Check Pods Manifest.lock */,
				DE087F3D1F062550004B092C /* Sources */,
				DE087F3E1F062550004B092C /* Frameworks */,
				DE087F3F1F062550004B092C /* Resources */,
				EAC28A695AF1FBAD6691600C /* [CP] Embed Pods Frameworks */,
				BF62DEB67E312E0A5FC9B729 /* [CP] Copy Pods Resources */,
			);
			buildRules = (
			);
			dependencies = (
			);
			name = SSUMAP_iOS;
			productName = SSUMAP_iOS;
			productReference = DE087F411F062550004B092C /* SSUMAP_iOS.app */;
			productType = "com.apple.product-type.application";
		};
		DE087F541F062550004B092C /* SSUMAP_iOSTests */ = {
			isa = PBXNativeTarget;
			buildConfigurationList = DE087F6C1F062550004B092C /* Build configuration list for PBXNativeTarget "SSUMAP_iOSTests" */;
			buildPhases = (
				533ECA9270ED61FA4D846E27 /* [CP] Check Pods Manifest.lock */,
				DE087F511F062550004B092C /* Sources */,
				DE087F521F062550004B092C /* Frameworks */,
				DE087F531F062550004B092C /* Resources */,
				B5ED91AB0D3200BF1710D971 /* [CP] Embed Pods Frameworks */,
				334D394702B020EEE87AAE9C /* [CP] Copy Pods Resources */,
			);
			buildRules = (
			);
			dependencies = (
				DE087F571F062550004B092C /* PBXTargetDependency */,
			);
			name = SSUMAP_iOSTests;
			productName = SSUMAP_iOSTests;
			productReference = DE087F551F062550004B092C /* SSUMAP_iOSTests.xctest */;
			productType = "com.apple.product-type.bundle.unit-test";
		};
		DE087F5F1F062550004B092C /* SSUMAP_iOSUITests */ = {
			isa = PBXNativeTarget;
			buildConfigurationList = DE087F6F1F062550004B092C /* Build configuration list for PBXNativeTarget "SSUMAP_iOSUITests" */;
			buildPhases = (
				8C351E4D6E9A718E90849F0B /* [CP] Check Pods Manifest.lock */,
				DE087F5C1F062550004B092C /* Sources */,
				DE087F5D1F062550004B092C /* Frameworks */,
				DE087F5E1F062550004B092C /* Resources */,
				683E7E787919FDC3B76165E4 /* [CP] Embed Pods Frameworks */,
				C666511EED3FEF02D6D6F8BC /* [CP] Copy Pods Resources */,
			);
			buildRules = (
			);
			dependencies = (
				DE087F621F062550004B092C /* PBXTargetDependency */,
			);
			name = SSUMAP_iOSUITests;
			productName = SSUMAP_iOSUITests;
			productReference = DE087F601F062550004B092C /* SSUMAP_iOSUITests.xctest */;
			productType = "com.apple.product-type.bundle.ui-testing";
		};
/* End PBXNativeTarget section */

/* Begin PBXProject section */
		DE087F391F062550004B092C /* Project object */ = {
			isa = PBXProject;
			attributes = {
				LastSwiftUpdateCheck = 0830;
				LastUpgradeCheck = 0830;
				ORGANIZATIONNAME = Personal;
				TargetAttributes = {
					DE087F401F062550004B092C = {
						CreatedOnToolsVersion = 8.3.3;
						DevelopmentTeam = P6E4GUVUC9;
						LastSwiftMigration = 0830;
						ProvisioningStyle = Automatic;
					};
					DE087F541F062550004B092C = {
						CreatedOnToolsVersion = 8.3.3;
						DevelopmentTeam = P6E4GUVUC9;
						ProvisioningStyle = Automatic;
						TestTargetID = DE087F401F062550004B092C;
					};
					DE087F5F1F062550004B092C = {
						CreatedOnToolsVersion = 8.3.3;
						DevelopmentTeam = P6E4GUVUC9;
						ProvisioningStyle = Automatic;
						TestTargetID = DE087F401F062550004B092C;
					};
				};
			};
			buildConfigurationList = DE087F3C1F062550004B092C /* Build configuration list for PBXProject "SSUMAP_iOS" */;
			compatibilityVersion = "Xcode 3.2";
			developmentRegion = English;
			hasScannedForEncodings = 0;
			knownRegions = (
				en,
				Base,
			);
			mainGroup = DE087F381F062550004B092C;
			productRefGroup = DE087F421F062550004B092C /* Products */;
			projectDirPath = "";
			projectRoot = "";
			targets = (
				DE087F401F062550004B092C /* SSUMAP_iOS */,
				DE087F541F062550004B092C /* SSUMAP_iOSTests */,
				DE087F5F1F062550004B092C /* SSUMAP_iOSUITests */,
			);
		};
/* End PBXProject section */

/* Begin PBXResourcesBuildPhase section */
		DE087F3F1F062550004B092C /* Resources */ = {
			isa = PBXResourcesBuildPhase;
			buildActionMask = 2147483647;
			files = (
				DEFBEF061F0F6FFB00DD9E4C /* info_box_tail.png in Resources */,
				DEFBEF161F0F6FFB00DD9E4C /* map_present_tracking.png in Resources */,
				DEFBEF021F0F6FFB00DD9E4C /* daum_copyright.png in Resources */,
				DEFBEF071F0F6FFB00DD9E4C /* map_pin.png in Resources */,
				DEFBEF0C1F0F6FFB00DD9E4C /* map_pin_red@3x.png in Resources */,
				DE087F4F1F062550004B092C /* LaunchScreen.storyboard in Resources */,
				DEFBEF141F0F6FFB00DD9E4C /* map_present_background_update.png in Resources */,
				DEFBEF181F0F6FFB00DD9E4C /* noimage256.png in Resources */,
				DEFBEF031F0F6FFB00DD9E4C /* daum_th_line.png in Resources */,
				DEFBEF051F0F6FFB00DD9E4C /* info_box.png in Resources */,
				DEFBEF121F0F6FFB00DD9E4C /* map_pinup_custom@3x.png in Resources */,
				DEFBEF1B1F0F6FFB00DD9E4C /* th_line.png in Resources */,
				DEFBEF0B1F0F6FFB00DD9E4C /* map_pin_red.png in Resources */,
				DEFBEF011F0F6FFB00DD9E4C /* copyright.png in Resources */,
				DEFBEF041F0F6FFB00DD9E4C /* detail_button.png in Resources */,
				DEFBEF111F0F6FFB00DD9E4C /* map_pinup_custom.png in Resources */,
				DEFBEF081F0F6FFB00DD9E4C /* map_pin@3x.png in Resources */,
				DEFBEF1A1F0F6FFB00DD9E4C /* shadow_balloon.png in Resources */,
				DEFBEF0E1F0F6FFB00DD9E4C /* map_pin_shadow@3x.png in Resources */,
				DEFBEF101F0F6FFB00DD9E4C /* map_pinup@3x.png in Resources */,
				DEFBEF0A1F0F6FFB00DD9E4C /* map_pin_custom@3x.png in Resources */,
				DE087F4C1F062550004B092C /* Assets.xcassets in Resources */,
				DEFBEF151F0F6FFB00DD9E4C /* map_present_direction.png in Resources */,
				DE087F4A1F062550004B092C /* Main.storyboard in Resources */,
				DEFBEF0D1F0F6FFB00DD9E4C /* map_pin_shadow.png in Resources */,
				DEFBEF171F0F6FFB00DD9E4C /* noimage.png in Resources */,
				DEFBEF091F0F6FFB00DD9E4C /* map_pin_custom.png in Resources */,
				DEFBEF131F0F6FFB00DD9E4C /* map_present.png in Resources */,
				DEFBEF0F1F0F6FFB00DD9E4C /* map_pinup.png in Resources */,
				DEFBEF191F0F6FFB00DD9E4C /* point_sprite.png in Resources */,
			);
			runOnlyForDeploymentPostprocessing = 0;
		};
		DE087F531F062550004B092C /* Resources */ = {
			isa = PBXResourcesBuildPhase;
			buildActionMask = 2147483647;
			files = (
			);
			runOnlyForDeploymentPostprocessing = 0;
		};
		DE087F5E1F062550004B092C /* Resources */ = {
			isa = PBXResourcesBuildPhase;
			buildActionMask = 2147483647;
			files = (
			);
			runOnlyForDeploymentPostprocessing = 0;
		};
/* End PBXResourcesBuildPhase section */

/* Begin PBXShellScriptBuildPhase section */
		334D394702B020EEE87AAE9C /* [CP] Copy Pods Resources */ = {
			isa = PBXShellScriptBuildPhase;
			buildActionMask = 2147483647;
			files = (
			);
			inputPaths = (
			);
			name = "[CP] Copy Pods Resources";
			outputPaths = (
			);
			runOnlyForDeploymentPostprocessing = 0;
			shellPath = /bin/sh;
			shellScript = "\"${SRCROOT}/Pods/Target Support Files/Pods-SSUMAP_iOSTests/Pods-SSUMAP_iOSTests-resources.sh\"\n";
			showEnvVarsInLog = 0;
		};
		533ECA9270ED61FA4D846E27 /* [CP] Check Pods Manifest.lock */ = {
			isa = PBXShellScriptBuildPhase;
			buildActionMask = 2147483647;
			files = (
			);
			inputPaths = (
			);
			name = "[CP] Check Pods Manifest.lock";
			outputPaths = (
			);
			runOnlyForDeploymentPostprocessing = 0;
			shellPath = /bin/sh;
			shellScript = "diff \"${PODS_PODFILE_DIR_PATH}/Podfile.lock\" \"${PODS_ROOT}/Manifest.lock\" > /dev/null\nif [ $? != 0 ] ; then\n    # print error to STDERR\n    echo \"error: The sandbox is not in sync with the Podfile.lock. Run 'pod install' or update your CocoaPods installation.\" >&2\n    exit 1\nfi\n";
			showEnvVarsInLog = 0;
		};
		683E7E787919FDC3B76165E4 /* [CP] Embed Pods Frameworks */ = {
			isa = PBXShellScriptBuildPhase;
			buildActionMask = 2147483647;
			files = (
			);
			inputPaths = (
			);
			name = "[CP] Embed Pods Frameworks";
			outputPaths = (
			);
			runOnlyForDeploymentPostprocessing = 0;
			shellPath = /bin/sh;
			shellScript = "\"${SRCROOT}/Pods/Target Support Files/Pods-SSUMAP_iOSUITests/Pods-SSUMAP_iOSUITests-frameworks.sh\"\n";
			showEnvVarsInLog = 0;
		};
		8C351E4D6E9A718E90849F0B /* [CP] Check Pods Manifest.lock */ = {
			isa = PBXShellScriptBuildPhase;
			buildActionMask = 2147483647;
			files = (
			);
			inputPaths = (
			);
			name = "[CP] Check Pods Manifest.lock";
			outputPaths = (
			);
			runOnlyForDeploymentPostprocessing = 0;
			shellPath = /bin/sh;
			shellScript = "diff \"${PODS_PODFILE_DIR_PATH}/Podfile.lock\" \"${PODS_ROOT}/Manifest.lock\" > /dev/null\nif [ $? != 0 ] ; then\n    # print error to STDERR\n    echo \"error: The sandbox is not in sync with the Podfile.lock. Run 'pod install' or update your CocoaPods installation.\" >&2\n    exit 1\nfi\n";
			showEnvVarsInLog = 0;
		};
		B5ED91AB0D3200BF1710D971 /* [CP] Embed Pods Frameworks */ = {
			isa = PBXShellScriptBuildPhase;
			buildActionMask = 2147483647;
			files = (
			);
			inputPaths = (
			);
			name = "[CP] Embed Pods Frameworks";
			outputPaths = (
			);
			runOnlyForDeploymentPostprocessing = 0;
			shellPath = /bin/sh;
			shellScript = "\"${SRCROOT}/Pods/Target Support Files/Pods-SSUMAP_iOSTests/Pods-SSUMAP_iOSTests-frameworks.sh\"\n";
			showEnvVarsInLog = 0;
		};
		BF62DEB67E312E0A5FC9B729 /* [CP] Copy Pods Resources */ = {
			isa = PBXShellScriptBuildPhase;
			buildActionMask = 2147483647;
			files = (
			);
			inputPaths = (
			);
			name = "[CP] Copy Pods Resources";
			outputPaths = (
			);
			runOnlyForDeploymentPostprocessing = 0;
			shellPath = /bin/sh;
			shellScript = "\"${SRCROOT}/Pods/Target Support Files/Pods-SSUMAP_iOS/Pods-SSUMAP_iOS-resources.sh\"\n";
			showEnvVarsInLog = 0;
		};
		C666511EED3FEF02D6D6F8BC /* [CP] Copy Pods Resources */ = {
			isa = PBXShellScriptBuildPhase;
			buildActionMask = 2147483647;
			files = (
			);
			inputPaths = (
			);
			name = "[CP] Copy Pods Resources";
			outputPaths = (
			);
			runOnlyForDeploymentPostprocessing = 0;
			shellPath = /bin/sh;
			shellScript = "\"${SRCROOT}/Pods/Target Support Files/Pods-SSUMAP_iOSUITests/Pods-SSUMAP_iOSUITests-resources.sh\"\n";
			showEnvVarsInLog = 0;
		};
		EAC28A695AF1FBAD6691600C /* [CP] Embed Pods Frameworks */ = {
			isa = PBXShellScriptBuildPhase;
			buildActionMask = 2147483647;
			files = (
			);
			inputPaths = (
			);
			name = "[CP] Embed Pods Frameworks";
			outputPaths = (
			);
			runOnlyForDeploymentPostprocessing = 0;
			shellPath = /bin/sh;
			shellScript = "\"${SRCROOT}/Pods/Target Support Files/Pods-SSUMAP_iOS/Pods-SSUMAP_iOS-frameworks.sh\"\n";
			showEnvVarsInLog = 0;
		};
		F6019E4B4CCBFDB71644B3E4 /* [CP] Check Pods Manifest.lock */ = {
			isa = PBXShellScriptBuildPhase;
			buildActionMask = 2147483647;
			files = (
			);
			inputPaths = (
			);
			name = "[CP] Check Pods Manifest.lock";
			outputPaths = (
			);
			runOnlyForDeploymentPostprocessing = 0;
			shellPath = /bin/sh;
			shellScript = "diff \"${PODS_PODFILE_DIR_PATH}/Podfile.lock\" \"${PODS_ROOT}/Manifest.lock\" > /dev/null\nif [ $? != 0 ] ; then\n    # print error to STDERR\n    echo \"error: The sandbox is not in sync with the Podfile.lock. Run 'pod install' or update your CocoaPods installation.\" >&2\n    exit 1\nfi\n";
			showEnvVarsInLog = 0;
		};
/* End PBXShellScriptBuildPhase section */

/* Begin PBXSourcesBuildPhase section */
		DE087F3D1F062550004B092C /* Sources */ = {
			isa = PBXSourcesBuildPhase;
			buildActionMask = 2147483647;
			files = (
				DEC79E6A1F0E33B900D75F9E /* DetailViewController.swift in Sources */,
				DEC79E611F0E1CCD00D75F9E /* SpotListViewController.swift in Sources */,
				DE74E5671F07C2A200A36E56 /* SurroundingViewController.swift in Sources */,
				DE087F471F062550004B092C /* ViewController.swift in Sources */,
				DE74E5651F07C1CA00A36E56 /* AppData.swift in Sources */,
				DE74E5611F0766A900A36E56 /* BuildingModel.swift in Sources */,
				DEC79E5F1F0E1C5800D75F9E /* ApiURL.swift in Sources */,
				DE087F451F062550004B092C /* AppDelegate.swift in Sources */,
				DEC79E641F0E241700D75F9E /* Spot.swift in Sources */,
				DE74E5691F07C3A800A36E56 /* CategoryCell.swift in Sources */,
				DEC79E661F0E256300D75F9E /* SpotCell.swift in Sources */,
			);
			runOnlyForDeploymentPostprocessing = 0;
		};
		DE087F511F062550004B092C /* Sources */ = {
			isa = PBXSourcesBuildPhase;
			buildActionMask = 2147483647;
			files = (
				DE087F5A1F062550004B092C /* SSUMAP_iOSTests.swift in Sources */,
			);
			runOnlyForDeploymentPostprocessing = 0;
		};
		DE087F5C1F062550004B092C /* Sources */ = {
			isa = PBXSourcesBuildPhase;
			buildActionMask = 2147483647;
			files = (
				DE087F651F062550004B092C /* SSUMAP_iOSUITests.swift in Sources */,
			);
			runOnlyForDeploymentPostprocessing = 0;
		};
/* End PBXSourcesBuildPhase section */

/* Begin PBXTargetDependency section */
		DE087F571F062550004B092C /* PBXTargetDependency */ = {
			isa = PBXTargetDependency;
			target = DE087F401F062550004B092C /* SSUMAP_iOS */;
			targetProxy = DE087F561F062550004B092C /* PBXContainerItemProxy */;
		};
		DE087F621F062550004B092C /* PBXTargetDependency */ = {
			isa = PBXTargetDependency;
			target = DE087F401F062550004B092C /* SSUMAP_iOS */;
			targetProxy = DE087F611F062550004B092C /* PBXContainerItemProxy */;
		};
/* End PBXTargetDependency section */

/* Begin PBXVariantGroup section */
		DE087F481F062550004B092C /* Main.storyboard */ = {
			isa = PBXVariantGroup;
			children = (
				DE087F491F062550004B092C /* Base */,
			);
			name = Main.storyboard;
			sourceTree = "<group>";
		};
		DE087F4D1F062550004B092C /* LaunchScreen.storyboard */ = {
			isa = PBXVariantGroup;
			children = (
				DE087F4E1F062550004B092C /* Base */,
			);
			name = LaunchScreen.storyboard;
			sourceTree = "<group>";
		};
/* End PBXVariantGroup section */

/* Begin XCBuildConfiguration section */
		DE087F671F062550004B092C /* Debug */ = {
			isa = XCBuildConfiguration;
			buildSettings = {
				ALWAYS_SEARCH_USER_PATHS = NO;
				CLANG_ANALYZER_NONNULL = YES;
				CLANG_ANALYZER_NUMBER_OBJECT_CONVERSION = YES_AGGRESSIVE;
				CLANG_CXX_LANGUAGE_STANDARD = "gnu++0x";
				CLANG_CXX_LIBRARY = "libc++";
				CLANG_ENABLE_MODULES = YES;
				CLANG_ENABLE_OBJC_ARC = NO;
				CLANG_WARN_BOOL_CONVERSION = YES;
				CLANG_WARN_CONSTANT_CONVERSION = YES;
				CLANG_WARN_DIRECT_OBJC_ISA_USAGE = YES_ERROR;
				CLANG_WARN_DOCUMENTATION_COMMENTS = YES;
				CLANG_WARN_EMPTY_BODY = YES;
				CLANG_WARN_ENUM_CONVERSION = YES;
				CLANG_WARN_INFINITE_RECURSION = YES;
				CLANG_WARN_INT_CONVERSION = YES;
				CLANG_WARN_OBJC_ROOT_CLASS = YES_ERROR;
				CLANG_WARN_SUSPICIOUS_MOVE = YES;
				CLANG_WARN_UNREACHABLE_CODE = YES;
				CLANG_WARN__DUPLICATE_METHOD_MATCH = YES;
				"CODE_SIGN_IDENTITY[sdk=iphoneos*]" = "iPhone Developer";
				COPY_PHASE_STRIP = NO;
				DEBUG_INFORMATION_FORMAT = dwarf;
				ENABLE_BITCODE = NO;
				ENABLE_STRICT_OBJC_MSGSEND = YES;
				ENABLE_TESTABILITY = YES;
				GCC_C_LANGUAGE_STANDARD = gnu99;
				GCC_DYNAMIC_NO_PIC = NO;
				GCC_NO_COMMON_BLOCKS = YES;
				GCC_OPTIMIZATION_LEVEL = 0;
				GCC_PREPROCESSOR_DEFINITIONS = (
					"DEBUG=1",
					"$(inherited)",
				);
				GCC_WARN_64_TO_32_BIT_CONVERSION = YES;
				GCC_WARN_ABOUT_RETURN_TYPE = YES_ERROR;
				GCC_WARN_UNDECLARED_SELECTOR = YES;
				GCC_WARN_UNINITIALIZED_AUTOS = YES_AGGRESSIVE;
				GCC_WARN_UNUSED_FUNCTION = YES;
				GCC_WARN_UNUSED_VARIABLE = YES;
				IPHONEOS_DEPLOYMENT_TARGET = 10.3;
				MTL_ENABLE_DEBUG_INFO = YES;
				ONLY_ACTIVE_ARCH = YES;
				SDKROOT = iphoneos;
				SWIFT_ACTIVE_COMPILATION_CONDITIONS = DEBUG;
				SWIFT_OPTIMIZATION_LEVEL = "-Onone";
				TARGETED_DEVICE_FAMILY = "1,2";
			};
			name = Debug;
		};
		DE087F681F062550004B092C /* Release */ = {
			isa = XCBuildConfiguration;
			buildSettings = {
				ALWAYS_SEARCH_USER_PATHS = NO;
				CLANG_ANALYZER_NONNULL = YES;
				CLANG_ANALYZER_NUMBER_OBJECT_CONVERSION = YES_AGGRESSIVE;
				CLANG_CXX_LANGUAGE_STANDARD = "gnu++0x";
				CLANG_CXX_LIBRARY = "libc++";
				CLANG_ENABLE_MODULES = YES;
				CLANG_ENABLE_OBJC_ARC = NO;
				CLANG_WARN_BOOL_CONVERSION = YES;
				CLANG_WARN_CONSTANT_CONVERSION = YES;
				CLANG_WARN_DIRECT_OBJC_ISA_USAGE = YES_ERROR;
				CLANG_WARN_DOCUMENTATION_COMMENTS = YES;
				CLANG_WARN_EMPTY_BODY = YES;
				CLANG_WARN_ENUM_CONVERSION = YES;
				CLANG_WARN_INFINITE_RECURSION = YES;
				CLANG_WARN_INT_CONVERSION = YES;
				CLANG_WARN_OBJC_ROOT_CLASS = YES_ERROR;
				CLANG_WARN_SUSPICIOUS_MOVE = YES;
				CLANG_WARN_UNREACHABLE_CODE = YES;
				CLANG_WARN__DUPLICATE_METHOD_MATCH = YES;
				"CODE_SIGN_IDENTITY[sdk=iphoneos*]" = "iPhone Developer";
				COPY_PHASE_STRIP = NO;
				DEBUG_INFORMATION_FORMAT = "dwarf-with-dsym";
				ENABLE_BITCODE = NO;
				ENABLE_NS_ASSERTIONS = NO;
				ENABLE_STRICT_OBJC_MSGSEND = YES;
				GCC_C_LANGUAGE_STANDARD = gnu99;
				GCC_NO_COMMON_BLOCKS = YES;
				GCC_WARN_64_TO_32_BIT_CONVERSION = YES;
				GCC_WARN_ABOUT_RETURN_TYPE = YES_ERROR;
				GCC_WARN_UNDECLARED_SELECTOR = YES;
				GCC_WARN_UNINITIALIZED_AUTOS = YES_AGGRESSIVE;
				GCC_WARN_UNUSED_FUNCTION = YES;
				GCC_WARN_UNUSED_VARIABLE = YES;
				IPHONEOS_DEPLOYMENT_TARGET = 10.3;
				MTL_ENABLE_DEBUG_INFO = NO;
				ONLY_ACTIVE_ARCH = NO;
				SDKROOT = iphoneos;
				SWIFT_OPTIMIZATION_LEVEL = "-Owholemodule";
				TARGETED_DEVICE_FAMILY = "1,2";
				VALIDATE_PRODUCT = YES;
			};
			name = Release;
		};
		DE087F6A1F062550004B092C /* Debug */ = {
			isa = XCBuildConfiguration;
			baseConfigurationReference = CEF85048D1BC6FDBD7FCC88E /* Pods-SSUMAP_iOS.debug.xcconfig */;
			buildSettings = {
				ASSETCATALOG_COMPILER_APPICON_NAME = AppIcon;
				CLANG_ENABLE_MODULES = YES;
				DEVELOPMENT_TEAM = P6E4GUVUC9;
				FRAMEWORK_SEARCH_PATHS = (
					"$(inherited)",
					"$(PROJECT_DIR)",
					"/Users/terry/Downloads/maps.ios-master/Frameworks",
					"$(PROJECT_DIR)/DaumMap.embeddedframework",
				);
				"FRAMEWORK_SEARCH_PATHS[arch=*]" = (
					"$(inherited)",
					"$(PROJECT_DIR)",
				);
				INFOPLIST_FILE = SSUMAP_iOS/Info.plist;
				IPHONEOS_DEPLOYMENT_TARGET = 10.0;
				LD_RUNPATH_SEARCH_PATHS = "$(inherited) @executable_path/Frameworks";
				PRODUCT_BUNDLE_IDENTIFIER = "com.gydect48.SSUMAP-iOS";
				PRODUCT_NAME = "$(TARGET_NAME)";
				SWIFT_OBJC_BRIDGING_HEADER = "$(SRCROOT)/SSUMAP_iOS/SSUMAP_iOS-Bridging-Header.h";
				SWIFT_OPTIMIZATION_LEVEL = "-Onone";
				SWIFT_VERSION = 3.0;
			};
			name = Debug;
		};
		DE087F6B1F062550004B092C /* Release */ = {
			isa = XCBuildConfiguration;
			baseConfigurationReference = C0F68CDC4F6EC4DD059CC51B /* Pods-SSUMAP_iOS.release.xcconfig */;
			buildSettings = {
				ASSETCATALOG_COMPILER_APPICON_NAME = AppIcon;
				CLANG_ENABLE_MODULES = YES;
				DEVELOPMENT_TEAM = P6E4GUVUC9;
				FRAMEWORK_SEARCH_PATHS = (
					"$(inherited)",
					"/Users/terry/Downloads/maps.ios-master/Frameworks",
					"$(PROJECT_DIR)",
					"$(PROJECT_DIR)/DaumMap.embeddedframework",
				);
				INFOPLIST_FILE = SSUMAP_iOS/Info.plist;
				IPHONEOS_DEPLOYMENT_TARGET = 10.0;
				LD_RUNPATH_SEARCH_PATHS = "$(inherited) @executable_path/Frameworks";
				PRODUCT_BUNDLE_IDENTIFIER = "com.gydect48.SSUMAP-iOS";
				PRODUCT_NAME = "$(TARGET_NAME)";
				SWIFT_OBJC_BRIDGING_HEADER = "$(SRCROOT)/SSUMAP_iOS/SSUMAP_iOS-Bridging-Header.h";
				SWIFT_VERSION = 3.0;
			};
			name = Release;
		};
		DE087F6D1F062550004B092C /* Debug */ = {
			isa = XCBuildConfiguration;
			baseConfigurationReference = 6BAB184A2BA009A108C75F66 /* Pods-SSUMAP_iOSTests.debug.xcconfig */;
			buildSettings = {
				ALWAYS_EMBED_SWIFT_STANDARD_LIBRARIES = YES;
				BUNDLE_LOADER = "$(TEST_HOST)";
				DEVELOPMENT_TEAM = P6E4GUVUC9;
				INFOPLIST_FILE = SSUMAP_iOSTests/Info.plist;
				LD_RUNPATH_SEARCH_PATHS = "$(inherited) @executable_path/Frameworks @loader_path/Frameworks";
				PRODUCT_BUNDLE_IDENTIFIER = "com.gydect48.SSUMAP-iOSTests";
				PRODUCT_NAME = "$(TARGET_NAME)";
				SWIFT_VERSION = 3.0;
				TEST_HOST = "$(BUILT_PRODUCTS_DIR)/SSUMAP_iOS.app/SSUMAP_iOS";
			};
			name = Debug;
		};
		DE087F6E1F062550004B092C /* Release */ = {
			isa = XCBuildConfiguration;
			baseConfigurationReference = 0C5D6620D73D6593E189841D /* Pods-SSUMAP_iOSTests.release.xcconfig */;
			buildSettings = {
				ALWAYS_EMBED_SWIFT_STANDARD_LIBRARIES = YES;
				BUNDLE_LOADER = "$(TEST_HOST)";
				DEVELOPMENT_TEAM = P6E4GUVUC9;
				INFOPLIST_FILE = SSUMAP_iOSTests/Info.plist;
				LD_RUNPATH_SEARCH_PATHS = "$(inherited) @executable_path/Frameworks @loader_path/Frameworks";
				PRODUCT_BUNDLE_IDENTIFIER = "com.gydect48.SSUMAP-iOSTests";
				PRODUCT_NAME = "$(TARGET_NAME)";
				SWIFT_VERSION = 3.0;
				TEST_HOST = "$(BUILT_PRODUCTS_DIR)/SSUMAP_iOS.app/SSUMAP_iOS";
			};
			name = Release;
		};
		DE087F701F062550004B092C /* Debug */ = {
			isa = XCBuildConfiguration;
			baseConfigurationReference = BBEB40A8E58FC53BA2CD6E57 /* Pods-SSUMAP_iOSUITests.debug.xcconfig */;
			buildSettings = {
				ALWAYS_EMBED_SWIFT_STANDARD_LIBRARIES = YES;
				DEVELOPMENT_TEAM = P6E4GUVUC9;
				INFOPLIST_FILE = SSUMAP_iOSUITests/Info.plist;
				LD_RUNPATH_SEARCH_PATHS = "$(inherited) @executable_path/Frameworks @loader_path/Frameworks";
				PRODUCT_BUNDLE_IDENTIFIER = "com.gydect48.SSUMAP-iOSUITests";
				PRODUCT_NAME = "$(TARGET_NAME)";
				SWIFT_VERSION = 3.0;
				TEST_TARGET_NAME = SSUMAP_iOS;
			};
			name = Debug;
		};
		DE087F711F062550004B092C /* Release */ = {
			isa = XCBuildConfiguration;
			baseConfigurationReference = 7A2325EF8B82D940420E2227 /* Pods-SSUMAP_iOSUITests.release.xcconfig */;
			buildSettings = {
				ALWAYS_EMBED_SWIFT_STANDARD_LIBRARIES = YES;
				DEVELOPMENT_TEAM = P6E4GUVUC9;
				INFOPLIST_FILE = SSUMAP_iOSUITests/Info.plist;
				LD_RUNPATH_SEARCH_PATHS = "$(inherited) @executable_path/Frameworks @loader_path/Frameworks";
				PRODUCT_BUNDLE_IDENTIFIER = "com.gydect48.SSUMAP-iOSUITests";
				PRODUCT_NAME = "$(TARGET_NAME)";
				SWIFT_VERSION = 3.0;
				TEST_TARGET_NAME = SSUMAP_iOS;
			};
			name = Release;
		};
/* End XCBuildConfiguration section */

/* Begin XCConfigurationList section */
		DE087F3C1F062550004B092C /* Build configuration list for PBXProject "SSUMAP_iOS" */ = {
			isa = XCConfigurationList;
			buildConfigurations = (
				DE087F671F062550004B092C /* Debug */,
				DE087F681F062550004B092C /* Release */,
			);
			defaultConfigurationIsVisible = 0;
			defaultConfigurationName = Release;
		};
		DE087F691F062550004B092C /* Build configuration list for PBXNativeTarget "SSUMAP_iOS" */ = {
			isa = XCConfigurationList;
			buildConfigurations = (
				DE087F6A1F062550004B092C /* Debug */,
				DE087F6B1F062550004B092C /* Release */,
			);
			defaultConfigurationIsVisible = 0;
			defaultConfigurationName = Release;
		};
		DE087F6C1F062550004B092C /* Build configuration list for PBXNativeTarget "SSUMAP_iOSTests" */ = {
			isa = XCConfigurationList;
			buildConfigurations = (
				DE087F6D1F062550004B092C /* Debug */,
				DE087F6E1F062550004B092C /* Release */,
			);
			defaultConfigurationIsVisible = 0;
			defaultConfigurationName = Release;
		};
		DE087F6F1F062550004B092C /* Build configuration list for PBXNativeTarget "SSUMAP_iOSUITests" */ = {
			isa = XCConfigurationList;
			buildConfigurations = (
				DE087F701F062550004B092C /* Debug */,
				DE087F711F062550004B092C /* Release */,
			);
			defaultConfigurationIsVisible = 0;
			defaultConfigurationName = Release;
		};
/* End XCConfigurationList section */
	};
	rootObject = DE087F391F062550004B092C /* Project object */;
}
